
Microsoft Visual Studio Solution File, Format Version 12.00
# Visual Studio Version 17
VisualStudioVersion = 17.6.33815.320
MinimumVisualStudioVersion = 10.0.40219.1
Project("{9A19103F-16F7-4668-BE54-9A1E7A4F7556}") = "Fibonacci", "Fibonacci\Fibonacci.csproj", "{96BC120C-2196-4F86-8027-F48C88805FB1}"
EndProject
Project("{9A19103F-16F7-4668-BE54-9A1E7A4F7556}") = "Pascal", "Pascal\Pascal.csproj", "{E61AD420-E7AB-4B36-A54B-0EA278D86A9A}"
EndProject
Project("{9A19103F-16F7-4668-BE54-9A1E7A4F7556}") = "VillogoGomb", "VillogoGomb\VillogoGomb.csproj", "{35EFBC74-3616-44D8-BE00-1E36FACCE0FC}"
EndProject
Project("{9A19103F-16F7-4668-BE54-9A1E7A4F7556}") = "HajosKviz", "HajosKviz\HajosKviz.csproj", "{93A04051-FF70-42CD-BBB3-6F523F0CD8C7}"
EndProject
Project("{9A19103F-16F7-4668-BE54-9A1E7A4F7556}") = "KigyosJatek", "KigyosJatek\KigyosJatek.csproj", "{76FFC7AD-9D12-4365-AF3D-5A8C0B3D5580}"
EndProject
Project("{FAE04EC0-301F-11D3-BF4B-00C04F79EFBC}") = "european_countries", "european_countries\european_countries.csproj", "{2FF85CBC-F4E5-4B4D-B69C-2571E32EDFFF}"
EndProject
Global
	GlobalSection(SolutionConfigurationPlatforms) = preSolution
		Debug|Any CPU = Debug|Any CPU
		Release|Any CPU = Release|Any CPU
	EndGlobalSection
	GlobalSection(ProjectConfigurationPlatforms) = postSolution
		{96BC120C-2196-4F86-8027-F48C88805FB1}.Debug|Any CPU.ActiveCfg = Debug|Any CPU
		{96BC120C-2196-4F86-8027-F48C88805FB1}.Debug|Any CPU.Build.0 = Debug|Any CPU
		{96BC120C-2196-4F86-8027-F48C88805FB1}.Release|Any CPU.ActiveCfg = Release|Any CPU
		{96BC120C-2196-4F86-8027-F48C88805FB1}.Release|Any CPU.Build.0 = Release|Any CPU
		{E61AD420-E7AB-4B36-A54B-0EA278D86A9A}.Debug|Any CPU.ActiveCfg = Debug|Any CPU
		{E61AD420-E7AB-4B36-A54B-0EA278D86A9A}.Debug|Any CPU.Build.0 = Debug|Any CPU
		{E61AD420-E7AB-4B36-A54B-0EA278D86A9A}.Release|Any CPU.ActiveCfg = Release|Any CPU
		{E61AD420-E7AB-4B36-A54B-0EA278D86A9A}.Release|Any CPU.Build.0 = Release|Any CPU
		{35EFBC74-3616-44D8-BE00-1E36FACCE0FC}.Debug|Any CPU.ActiveCfg = Debug|Any CPU
		{35EFBC74-3616-44D8-BE00-1E36FACCE0FC}.Debug|Any CPU.Build.0 = Debug|Any CPU
		{35EFBC74-3616-44D8-BE00-1E36FACCE0FC}.Release|Any CPU.ActiveCfg = Release|Any CPU
		{35EFBC74-3616-44D8-BE00-1E36FACCE0FC}.Release|Any CPU.Build.0 = Release|Any CPU
		{93A04051-FF70-42CD-BBB3-6F523F0CD8C7}.Debug|Any CPU.ActiveCfg = Debug|Any CPU
		{93A04051-FF70-42CD-BBB3-6F523F0CD8C7}.Debug|Any CPU.Build.0 = Debug|Any CPU
		{93A04051-FF70-42CD-BBB3-6F523F0CD8C7}.Release|Any CPU.ActiveCfg = Release|Any CPU
		{93A04051-FF70-42CD-BBB3-6F523F0CD8C7}.Release|Any CPU.Build.0 = Release|Any CPU
		{76FFC7AD-9D12-4365-AF3D-5A8C0B3D5580}.Debug|Any CPU.ActiveCfg = Debug|Any CPU
		{76FFC7AD-9D12-4365-AF3D-5A8C0B3D5580}.Debug|Any CPU.Build.0 = Debug|Any CPU
		{76FFC7AD-9D12-4365-AF3D-5A8C0B3D5580}.Release|Any CPU.ActiveCfg = Release|Any CPU
		{76FFC7AD-9D12-4365-AF3D-5A8C0B3D5580}.Release|Any CPU.Build.0 = Release|Any CPU
		{2FF85CBC-F4E5-4B4D-B69C-2571E32EDFFF}.Debug|Any CPU.ActiveCfg = Debug|Any CPU
		{2FF85CBC-F4E5-4B4D-B69C-2571E32EDFFF}.Debug|Any CPU.Build.0 = Debug|Any CPU
		{2FF85CBC-F4E5-4B4D-B69C-2571E32EDFFF}.Release|Any CPU.ActiveCfg = Release|Any CPU
		{2FF85CBC-F4E5-4B4D-B69C-2571E32EDFFF}.Release|Any CPU.Build.0 = Release|Any CPU
	EndGlobalSection
	GlobalSection(SolutionProperties) = preSolution
		HideSolutionNode = FALSE
	EndGlobalSection
	GlobalSection(ExtensibilityGlobals) = postSolution
		SolutionGuid = {4688BE60-01B7-4705-A687-577154B56E7D}
	EndGlobalSection
EndGlobal
